
Microsoft Visual Studio Solution File, Format Version 12.00
# Visual Studio Version 16
VisualStudioVersion = 16.0.29911.84
MinimumVisualStudioVersion = 10.0.40219.1
Project("{FAE04EC0-301F-11D3-BF4B-00C04F79EFBC}") = "Pokedez2022_CSharp", "Pokedez2022_CSharp\Pokedez2022_CSharp.csproj", "{83D0108D-F57B-4879-BD6B-D5D1718DADC4}"
EndProject
Global
	GlobalSection(SolutionConfigurationPlatforms) = preSolution
		Debug|Any CPU = Debug|Any CPU
		Release|Any CPU = Release|Any CPU
	EndGlobalSection
	GlobalSection(ProjectConfigurationPlatforms) = postSolution
		{83D0108D-F57B-4879-BD6B-D5D1718DADC4}.Debug|Any CPU.ActiveCfg = Debug|Any CPU
		{83D0108D-F57B-4879-BD6B-D5D1718DADC4}.Debug|Any CPU.Build.0 = Debug|Any CPU
		{83D0108D-F57B-4879-BD6B-D5D1718DADC4}.Release|Any CPU.ActiveCfg = Release|Any CPU
		{83D0108D-F57B-4879-BD6B-D5D1718DADC4}.Release|Any CPU.Build.0 = Release|Any CPU
	EndGlobalSection
	GlobalSection(SolutionProperties) = preSolution
		HideSolutionNode = FALSE
	EndGlobalSection
	GlobalSection(ExtensibilityGlobals) = postSolution
		SolutionGuid = {298D9368-036D-46C5-9D14-5AD81B468D35}
	EndGlobalSection
EndGlobal
